// !$*UTF8*$!
{
	archiveVersion = 1;
	classes = {
	};
	objectVersion = 56;
	objects = {

/* Begin PBXBuildFile section */
		16B52E91A35C46D788EF7A3D /* Pods_SecretHeroDemo.framework in Frameworks */ = {isa = PBXBuildFile; fileRef = EEB154354F32635E38303F40 /* Pods_SecretHeroDemo.framework */; };
		DC1B7D492B62EB8F00CE3BF0 /* AppDelegate.swift in Sources */ = {isa = PBXBuildFile; fileRef = DC1B7D482B62EB8F00CE3BF0 /* AppDelegate.swift */; };
		DC1B7D4B2B62EB8F00CE3BF0 /* SceneDelegate.swift in Sources */ = {isa = PBXBuildFile; fileRef = DC1B7D4A2B62EB8F00CE3BF0 /* SceneDelegate.swift */; };
		DC1B7D4D2B62EB8F00CE3BF0 /* ViewController.swift in Sources */ = {isa = PBXBuildFile; fileRef = DC1B7D4C2B62EB8F00CE3BF0 /* ViewController.swift */; };
		DC1B7D502B62EB8F00CE3BF0 /* Main.storyboard in Resources */ = {isa = PBXBuildFile; fileRef = DC1B7D4E2B62EB8F00CE3BF0 /* Main.storyboard */; };
		DC1B7D522B62EB9000CE3BF0 /* Assets.xcassets in Resources */ = {isa = PBXBuildFile; fileRef = DC1B7D512B62EB9000CE3BF0 /* Assets.xcassets */; };
		DC1B7D552B62EB9000CE3BF0 /* LaunchScreen.storyboard in Resources */ = {isa = PBXBuildFile; fileRef = DC1B7D532B62EB9000CE3BF0 /* LaunchScreen.storyboard */; };
/* End PBXBuildFile section */

/* Begin PBXFileReference section */
		A65FC2020BE8FE7D6EFA6318 /* Pods-SecretHeroDemo.debug.xcconfig */ = {isa = PBXFileReference; includeInIndex = 1; lastKnownFileType = text.xcconfig; name = "Pods-SecretHeroDemo.debug.xcconfig"; path = "Target Support Files/Pods-SecretHeroDemo/Pods-SecretHeroDemo.debug.xcconfig"; sourceTree = "<group>"; };
		AB1F67083DA844BC14C74486 /* Pods-SecretHeroDemo.release.xcconfig */ = {isa = PBXFileReference; includeInIndex = 1; lastKnownFileType = text.xcconfig; name = "Pods-SecretHeroDemo.release.xcconfig"; path = "Target Support Files/Pods-SecretHeroDemo/Pods-SecretHeroDemo.release.xcconfig"; sourceTree = "<group>"; };
		DC1B7D452B62EB8F00CE3BF0 /* SecretHeroDemo.app */ = {isa = PBXFileReference; explicitFileType = wrapper.application; includeInIndex = 0; path = SecretHeroDemo.app; sourceTree = BUILT_PRODUCTS_DIR; };
		DC1B7D482B62EB8F00CE3BF0 /* AppDelegate.swift */ = {isa = PBXFileReference; lastKnownFileType = sourcecode.swift; path = AppDelegate.swift; sourceTree = "<group>"; };
		DC1B7D4A2B62EB8F00CE3BF0 /* SceneDelegate.swift */ = {isa = PBXFileReference; lastKnownFileType = sourcecode.swift; path = SceneDelegate.swift; sourceTree = "<group>"; };
		DC1B7D4C2B62EB8F00CE3BF0 /* ViewController.swift */ = {isa = PBXFileReference; lastKnownFileType = sourcecode.swift; path = ViewController.swift; sourceTree = "<group>"; };
		DC1B7D4F2B62EB8F00CE3BF0 /* Base */ = {isa = PBXFileReference; lastKnownFileType = file.storyboard; name = Base; path = Base.lproj/Main.storyboard; sourceTree = "<group>"; };
		DC1B7D512B62EB9000CE3BF0 /* Assets.xcassets */ = {isa = PBXFileReference; lastKnownFileType = folder.assetcatalog; path = Assets.xcassets; sourceTree = "<group>"; };
		DC1B7D542B62EB9000CE3BF0 /* Base */ = {isa = PBXFileReference; lastKnownFileType = file.storyboard; name = Base; path = Base.lproj/LaunchScreen.storyboard; sourceTree = "<group>"; };
		DC1B7D562B62EB9000CE3BF0 /* Info.plist */ = {isa = PBXFileReference; lastKnownFileType = text.plist.xml; path = Info.plist; sourceTree = "<group>"; };
		EEB154354F32635E38303F40 /* Pods_SecretHeroDemo.framework */ = {isa = PBXFileReference; explicitFileType = wrapper.framework; includeInIndex = 0; path = Pods_SecretHeroDemo.framework; sourceTree = BUILT_PRODUCTS_DIR; };
/* End PBXFileReference section */

/* Begin PBXFrameworksBuildPhase section */
		DC1B7D422B62EB8F00CE3BF0 /* Frameworks */ = {
			isa = PBXFrameworksBuildPhase;
			buildActionMask = 2147483647;
			files = (
				16B52E91A35C46D788EF7A3D /* Pods_SecretHeroDemo.framework in Frameworks */,
			);
			runOnlyForDeploymentPostprocessing = 0;
		};
/* End PBXFrameworksBuildPhase section */

/* Begin PBXGroup section */
		202093E6E0A94FD0032B95D9 /* Frameworks */ = {
			isa = PBXGroup;
			children = (
				EEB154354F32635E38303F40 /* Pods_SecretHeroDemo.framework */,
			);
			name = Frameworks;
			sourceTree = "<group>";
		};
		C4BB36877C4A2216FC2236E7 /* Pods */ = {
			isa = PBXGroup;
			children = (
				A65FC2020BE8FE7D6EFA6318 /* Pods-SecretHeroDemo.debug.xcconfig */,
				AB1F67083DA844BC14C74486 /* Pods-SecretHeroDemo.release.xcconfig */,
			);
			path = Pods;
			sourceTree = "<group>";
		};
		DC1B7D3C2B62EB8F00CE3BF0 = {
			isa = PBXGroup;
			children = (
				DC1B7D472B62EB8F00CE3BF0 /* SecretHeroDemo */,
				DC1B7D462B62EB8F00CE3BF0 /* Products */,
				C4BB36877C4A2216FC2236E7 /* Pods */,
				202093E6E0A94FD0032B95D9 /* Frameworks */,
			);
			sourceTree = "<group>";
		};
		DC1B7D462B62EB8F00CE3BF0 /* Products */ = {
			isa = PBXGroup;
			children = (
				DC1B7D452B62EB8F00CE3BF0 /* SecretHeroDemo.app */,
			);
			name = Products;
			sourceTree = "<group>";
		};
		DC1B7D472B62EB8F00CE3BF0 /* SecretHeroDemo */ = {
			isa = PBXGroup;
			children = (
				DC1B7D482B62EB8F00CE3BF0 /* AppDelegate.swift */,
				DC1B7D4A2B62EB8F00CE3BF0 /* SceneDelegate.swift */,
				DC1B7D4C2B62EB8F00CE3BF0 /* ViewController.swift */,
				DC1B7D4E2B62EB8F00CE3BF0 /* Main.storyboard */,
				DC1B7D512B62EB9000CE3BF0 /* Assets.xcassets */,
				DC1B7D532B62EB9000CE3BF0 /* LaunchScreen.storyboard */,
				DC1B7D562B62EB9000CE3BF0 /* Info.plist */,
			);
			path = SecretHeroDemo;
			sourceTree = "<group>";
		};
/* End PBXGroup section */

/* Begin PBXNativeTarget section */
		DC1B7D442B62EB8F00CE3BF0 /* SecretHeroDemo */ = {
			isa = PBXNativeTarget;
			buildConfigurationList = DC1B7D592B62EB9000CE3BF0 /* Build configuration list for PBXNativeTarget "SecretHeroDemo" */;
			buildPhases = (
				A660F9C19CB04950421091B5 /* [CP] Check Pods Manifest.lock */,
				DC1B7D412B62EB8F00CE3BF0 /* Sources */,
				DC1B7D422B62EB8F00CE3BF0 /* Frameworks */,
				DC1B7D432B62EB8F00CE3BF0 /* Resources */,
				3DF9AE557C20658AA2BD8234 /* [CP] Embed Pods Frameworks */,
			);
			buildRules = (
			);
			dependencies = (
			);
			name = SecretHeroDemo;
			productName = SecretHeroDemo;
			productReference = DC1B7D452B62EB8F00CE3BF0 /* SecretHeroDemo.app */;
			productType = "com.apple.product-type.application";
		};
/* End PBXNativeTarget section */

/* Begin PBXProject section */
		DC1B7D3D2B62EB8F00CE3BF0 /* Project object */ = {
			isa = PBXProject;
			attributes = {
				BuildIndependentTargetsInParallel = 1;
				LastSwiftUpdateCheck = 1520;
				LastUpgradeCheck = 1520;
				TargetAttributes = {
					DC1B7D442B62EB8F00CE3BF0 = {
						CreatedOnToolsVersion = 15.2;
					};
				};
			};
			buildConfigurationList = DC1B7D402B62EB8F00CE3BF0 /* Build configuration list for PBXProject "SecretHeroDemo" */;
			compatibilityVersion = "Xcode 14.0";
			developmentRegion = en;
			hasScannedForEncodings = 0;
			knownRegions = (
				en,
				Base,
			);
			mainGroup = DC1B7D3C2B62EB8F00CE3BF0;
			productRefGroup = DC1B7D462B62EB8F00CE3BF0 /* Products */;
			projectDirPath = "";
			projectRoot = "";
			targets = (
				DC1B7D442B62EB8F00CE3BF0 /* SecretHeroDemo */,
			);
		};
/* End PBXProject section */

/* Begin PBXResourcesBuildPhase section */
		DC1B7D432B62EB8F00CE3BF0 /* Resources */ = {
			isa = PBXResourcesBuildPhase;
			buildActionMask = 2147483647;
			files = (
				DC1B7D552B62EB9000CE3BF0 /* LaunchScreen.storyboard in Resources */,
				DC1B7D522B62EB9000CE3BF0 /* Assets.xcassets in Resources */,
				DC1B7D502B62EB8F00CE3BF0 /* Main.storyboard in Resources */,
			);
			runOnlyForDeploymentPostprocessing = 0;
		};
/* End PBXResourcesBuildPhase section */

/* Begin PBXShellScriptBuildPhase section */
		3DF9AE557C20658AA2BD8234 /* [CP] Embed Pods Frameworks */ = {
			isa = PBXShellScriptBuildPhase;
			buildActionMask = 2147483647;
			files = (
			);
			inputFileListPaths = (
				"${PODS_ROOT}/Target Support Files/Pods-SecretHeroDemo/Pods-SecretHeroDemo-frameworks-${CONFIGURATION}-input-files.xcfilelist",
			);
			name = "[CP] Embed Pods Frameworks";
			outputFileListPaths = (
				"${PODS_ROOT}/Target Support Files/Pods-SecretHeroDemo/Pods-SecretHeroDemo-frameworks-${CONFIGURATION}-output-files.xcfilelist",
			);
			runOnlyForDeploymentPostprocessing = 0;
			shellPath = /bin/sh;
			shellScript = "\"${PODS_ROOT}/Target Support Files/Pods-SecretHeroDemo/Pods-SecretHeroDemo-frameworks.sh\"\n";
			showEnvVarsInLog = 0;
		};
		A660F9C19CB04950421091B5 /* [CP] Check Pods Manifest.lock */ = {
			isa = PBXShellScriptBuildPhase;
			buildActionMask = 2147483647;
			files = (
			);
			inputFileListPaths = (
			);
			inputPaths = (
				"${PODS_PODFILE_DIR_PATH}/Podfile.lock",
				"${PODS_ROOT}/Manifest.lock",
			);
			name = "[CP] Check Pods Manifest.lock";
			outputFileListPaths = (
			);
			outputPaths = (
				"$(DERIVED_FILE_DIR)/Pods-SecretHeroDemo-checkManifestLockResult.txt",
			);
			runOnlyForDeploymentPostprocessing = 0;
			shellPath = /bin/sh;
			shellScript = "diff \"${PODS_PODFILE_DIR_PATH}/Podfile.lock\" \"${PODS_ROOT}/Manifest.lock\" > /dev/null\nif [ $? != 0 ] ; then\n    # print error to STDERR\n    echo \"error: The sandbox is not in sync with the Podfile.lock. Run 'pod install' or update your CocoaPods installation.\" >&2\n    exit 1\nfi\n# This output is used by Xcode 'outputs' to avoid re-running this script phase.\necho \"SUCCESS\" > \"${SCRIPT_OUTPUT_FILE_0}\"\n";
			showEnvVarsInLog = 0;
		};
/* End PBXShellScriptBuildPhase section */

/* Begin PBXSourcesBuildPhase section */
		DC1B7D412B62EB8F00CE3BF0 /* Sources */ = {
			isa = PBXSourcesBuildPhase;
			buildActionMask = 2147483647;
			files = (
				DC1B7D4D2B62EB8F00CE3BF0 /* ViewController.swift in Sources */,
				DC1B7D492B62EB8F00CE3BF0 /* AppDelegate.swift in Sources */,
				DC1B7D4B2B62EB8F00CE3BF0 /* SceneDelegate.swift in Sources */,
			);
			runOnlyForDeploymentPostprocessing = 0;
		};
/* End PBXSourcesBuildPhase section */

/* Begin PBXVariantGroup section */
		DC1B7D4E2B62EB8F00CE3BF0 /* Main.storyboard */ = {
			isa = PBXVariantGroup;
			children = (
				DC1B7D4F2B62EB8F00CE3BF0 /* Base */,
			);
			name = Main.storyboard;
			sourceTree = "<group>";
		};
		DC1B7D532B62EB9000CE3BF0 /* LaunchScreen.storyboard */ = {
			isa = PBXVariantGroup;
			children = (
				DC1B7D542B62EB9000CE3BF0 /* Base */,
			);
			name = LaunchScreen.storyboard;
			sourceTree = "<group>";
		};
/* End PBXVariantGroup section */

/* Begin XCBuildConfiguration section */
		DC1B7D572B62EB9000CE3BF0 /* Debug */ = {
			isa = XCBuildConfiguration;
			buildSettings = {
				ALWAYS_SEARCH_USER_PATHS = NO;
				ASSETCATALOG_COMPILER_GENERATE_SWIFT_ASSET_SYMBOL_EXTENSIONS = YES;
				CLANG_ANALYZER_NONNULL = YES;
				CLANG_ANALYZER_NUMBER_OBJECT_CONVERSION = YES_AGGRESSIVE;
				CLANG_CXX_LANGUAGE_STANDARD = "gnu++20";
				CLANG_ENABLE_MODULES = YES;
				CLANG_ENABLE_OBJC_ARC = YES;
				CLANG_ENABLE_OBJC_WEAK = YES;
				CLANG_WARN_BLOCK_CAPTURE_AUTORELEASING = YES;
				CLANG_WARN_BOOL_CONVERSION = YES;
				CLANG_WARN_COMMA = YES;
				CLANG_WARN_CONSTANT_CONVERSION = YES;
				CLANG_WARN_DEPRECATED_OBJC_IMPLEMENTATIONS = YES;
				CLANG_WARN_DIRECT_OBJC_ISA_USAGE = YES_ERROR;
				CLANG_WARN_DOCUMENTATION_COMMENTS = YES;
				CLANG_WARN_EMPTY_BODY = YES;
				CLANG_WARN_ENUM_CONVERSION = YES;
				CLANG_WARN_INFINITE_RECURSION = YES;
				CLANG_WARN_INT_CONVERSION = YES;
				CLANG_WARN_NON_LITERAL_NULL_CONVERSION = YES;
				CLANG_WARN_OBJC_IMPLICIT_RETAIN_SELF = YES;
				CLANG_WARN_OBJC_LITERAL_CONVERSION = YES;
				CLANG_WARN_OBJC_ROOT_CLASS = YES_ERROR;
				CLANG_WARN_QUOTED_INCLUDE_IN_FRAMEWORK_HEADER = YES;
				CLANG_WARN_RANGE_LOOP_ANALYSIS = YES;
				CLANG_WARN_STRICT_PROTOTYPES = YES;
				CLANG_WARN_SUSPICIOUS_MOVE = YES;
				CLANG_WARN_UNGUARDED_AVAILABILITY = YES_AGGRESSIVE;
				CLANG_WARN_UNREACHABLE_CODE = YES;
				CLANG_WARN__DUPLICATE_METHOD_MATCH = YES;
				COPY_PHASE_STRIP = NO;
				DEBUG_INFORMATION_FORMAT = dwarf;
				ENABLE_STRICT_OBJC_MSGSEND = YES;
				ENABLE_TESTABILITY = YES;
				ENABLE_USER_SCRIPT_SANDBOXING = YES;
				GCC_C_LANGUAGE_STANDARD = gnu17;
				GCC_DYNAMIC_NO_PIC = NO;
				GCC_NO_COMMON_BLOCKS = YES;
				GCC_OPTIMIZATION_LEVEL = 0;
				GCC_PREPROCESSOR_DEFINITIONS = (
					"DEBUG=1",
					"$(inherited)",
				);
				GCC_WARN_64_TO_32_BIT_CONVERSION = YES;
				GCC_WARN_ABOUT_RETURN_TYPE = YES_ERROR;
				GCC_WARN_UNDECLARED_SELECTOR = YES;
				GCC_WARN_UNINITIALIZED_AUTOS = YES_AGGRESSIVE;
				GCC_WARN_UNUSED_FUNCTION = YES;
				GCC_WARN_UNUSED_VARIABLE = YES;
				IPHONEOS_DEPLOYMENT_TARGET = 17.2;
				LOCALIZATION_PREFERS_STRING_CATALOGS = YES;
				MTL_ENABLE_DEBUG_INFO = INCLUDE_SOURCE;
				MTL_FAST_MATH = YES;
				ONLY_ACTIVE_ARCH = YES;
				SDKROOT = iphoneos;
				SWIFT_ACTIVE_COMPILATION_CONDITIONS = "DEBUG $(inherited)";
				SWIFT_OPTIMIZATION_LEVEL = "-Onone";
			};
			name = Debug;
		};
		DC1B7D582B62EB9000CE3BF0 /* Release */ = {
			isa = XCBuildConfiguration;
			buildSettings = {
				ALWAYS_SEARCH_USER_PATHS = NO;
				ASSETCATALOG_COMPILER_GENERATE_SWIFT_ASSET_SYMBOL_EXTENSIONS = YES;
				CLANG_ANALYZER_NONNULL = YES;
				CLANG_ANALYZER_NUMBER_OBJECT_CONVERSION = YES_AGGRESSIVE;
				CLANG_CXX_LANGUAGE_STANDARD = "gnu++20";
				CLANG_ENABLE_MODULES = YES;
				CLANG_ENABLE_OBJC_ARC = YES;
				CLANG_ENABLE_OBJC_WEAK = YES;
				CLANG_WARN_BLOCK_CAPTURE_AUTORELEASING = YES;
				CLANG_WARN_BOOL_CONVERSION = YES;
				CLANG_WARN_COMMA = YES;
				CLANG_WARN_CONSTANT_CONVERSION = YES;
				CLANG_WARN_DEPRECATED_OBJC_IMPLEMENTATIONS = YES;
				CLANG_WARN_DIRECT_OBJC_ISA_USAGE = YES_ERROR;
				CLANG_WARN_DOCUMENTATION_COMMENTS = YES;
				CLANG_WARN_EMPTY_BODY = YES;
				CLANG_WARN_ENUM_CONVERSION = YES;
				CLANG_WARN_INFINITE_RECURSION = YES;
				CLANG_WARN_INT_CONVERSION = YES;
				CLANG_WARN_NON_LITERAL_NULL_CONVERSION = YES;
				CLANG_WARN_OBJC_IMPLICIT_RETAIN_SELF = YES;
				CLANG_WARN_OBJC_LITERAL_CONVERSION = YES;
				CLANG_WARN_OBJC_ROOT_CLASS = YES_ERROR;
				CLANG_WARN_QUOTED_INCLUDE_IN_FRAMEWORK_HEADER = YES;
				CLANG_WARN_RANGE_LOOP_ANALYSIS = YES;
				CLANG_WARN_STRICT_PROTOTYPES = YES;
				CLANG_WARN_SUSPICIOUS_MOVE = YES;
				CLANG_WARN_UNGUARDED_AVAILABILITY = YES_AGGRESSIVE;
				CLANG_WARN_UNREACHABLE_CODE = YES;
				CLANG_WARN__DUPLICATE_METHOD_MATCH = YES;
				COPY_PHASE_STRIP = NO;
				DEBUG_INFORMATION_FORMAT = "dwarf-with-dsym";
				ENABLE_NS_ASSERTIONS = NO;
				ENABLE_STRICT_OBJC_MSGSEND = YES;
				ENABLE_USER_SCRIPT_SANDBOXING = YES;
				GCC_C_LANGUAGE_STANDARD = gnu17;
				GCC_NO_COMMON_BLOCKS = YES;
				GCC_WARN_64_TO_32_BIT_CONVERSION = YES;
				GCC_WARN_ABOUT_RETURN_TYPE = YES_ERROR;
				GCC_WARN_UNDECLARED_SELECTOR = YES;
				GCC_WARN_UNINITIALIZED_AUTOS = YES_AGGRESSIVE;
				GCC_WARN_UNUSED_FUNCTION = YES;
				GCC_WARN_UNUSED_VARIABLE = YES;
				IPHONEOS_DEPLOYMENT_TARGET = 17.2;
				LOCALIZATION_PREFERS_STRING_CATALOGS = YES;
				MTL_ENABLE_DEBUG_INFO = NO;
				MTL_FAST_MATH = YES;
				SDKROOT = iphoneos;
				SWIFT_COMPILATION_MODE = wholemodule;
				VALIDATE_PRODUCT = YES;
			};
			name = Release;
		};
		DC1B7D5A2B62EB9000CE3BF0 /* Debug */ = {
			isa = XCBuildConfiguration;
			baseConfigurationReference = A65FC2020BE8FE7D6EFA6318 /* Pods-SecretHeroDemo.debug.xcconfig */;
			buildSettings = {
				ASSETCATALOG_COMPILER_APPICON_NAME = AppIcon;
				ASSETCATALOG_COMPILER_GLOBAL_ACCENT_COLOR_NAME = AccentColor;
				CODE_SIGN_STYLE = Automatic;
				CURRENT_PROJECT_VERSION = 1;
				DEVELOPMENT_TEAM = KM2G537W6G;
				ENABLE_USER_SCRIPT_SANDBOXING = NO;
				GENERATE_INFOPLIST_FILE = YES;
				INFOPLIST_FILE = SecretHeroDemo/Info.plist;
				INFOPLIST_KEY_UIApplicationSupportsIndirectInputEvents = YES;
				INFOPLIST_KEY_UILaunchStoryboardName = LaunchScreen;
				INFOPLIST_KEY_UIMainStoryboardFile = Main;
				INFOPLIST_KEY_UISupportedInterfaceOrientations_iPad = "UIInterfaceOrientationPortrait UIInterfaceOrientationPortraitUpsideDown UIInterfaceOrientationLandscapeLeft UIInterfaceOrientationLandscapeRight";
				INFOPLIST_KEY_UISupportedInterfaceOrientations_iPhone = "UIInterfaceOrientationPortrait UIInterfaceOrientationLandscapeLeft UIInterfaceOrientationLandscapeRight";
				IPHONEOS_DEPLOYMENT_TARGET = 13.0;
				LD_RUNPATH_SEARCH_PATHS = (
					"$(inherited)",
					"@executable_path/Frameworks",
				);
				MARKETING_VERSION = 1.0;
				PRODUCT_BUNDLE_IDENTIFIER = com.secrethero.SecretHeroDemo.SecretHeroDemo;
				PRODUCT_NAME = "$(TARGET_NAME)";
				SWIFT_EMIT_LOC_STRINGS = YES;
				SWIFT_VERSION = 5.0;
				TARGETED_DEVICE_FAMILY = "1,2";
			};
			name = Debug;
		};
		DC1B7D5B2B62EB9000CE3BF0 /* Release */ = {
			isa = XCBuildConfiguration;
			baseConfigurationReference = AB1F67083DA844BC14C74486 /* Pods-SecretHeroDemo.release.xcconfig */;
			buildSettings = {
				ASSETCATALOG_COMPILER_APPICON_NAME = AppIcon;
				ASSETCATALOG_COMPILER_GLOBAL_ACCENT_COLOR_NAME = AccentColor;
				CODE_SIGN_STYLE = Automatic;
				CURRENT_PROJECT_VERSION = 1;
				DEVELOPMENT_TEAM = KM2G537W6G;
				ENABLE_USER_SCRIPT_SANDBOXING = NO;
				GENERATE_INFOPLIST_FILE = YES;
				INFOPLIST_FILE = SecretHeroDemo/Info.plist;
				INFOPLIST_KEY_UIApplicationSupportsIndirectInputEvents = YES;
				INFOPLIST_KEY_UILaunchStoryboardName = LaunchScreen;
				INFOPLIST_KEY_UIMainStoryboardFile = Main;
				INFOPLIST_KEY_UISupportedInterfaceOrientations_iPad = "UIInterfaceOrientationPortrait UIInterfaceOrientationPortraitUpsideDown UIInterfaceOrientationLandscapeLeft UIInterfaceOrientationLandscapeRight";
				INFOPLIST_KEY_UISupportedInterfaceOrientations_iPhone = "UIInterfaceOrientationPortrait UIInterfaceOrientationLandscapeLeft UIInterfaceOrientationLandscapeRight";
				IPHONEOS_DEPLOYMENT_TARGET = 13.0;
				LD_RUNPATH_SEARCH_PATHS = (
					"$(inherited)",
					"@executable_path/Frameworks",
				);
				MARKETING_VERSION = 1.0;
				PRODUCT_BUNDLE_IDENTIFIER = com.secrethero.SecretHeroDemo.SecretHeroDemo;
				PRODUCT_NAME = "$(TARGET_NAME)";
				SWIFT_EMIT_LOC_STRINGS = YES;
				SWIFT_VERSION = 5.0;
				TARGETED_DEVICE_FAMILY = "1,2";
			};
			name = Release;
		};
/* End XCBuildConfiguration section */

/* Begin XCConfigurationList section */
		DC1B7D402B62EB8F00CE3BF0 /* Build configuration list for PBXProject "SecretHeroDemo" */ = {
			isa = XCConfigurationList;
			buildConfigurations = (
				DC1B7D572B62EB9000CE3BF0 /* Debug */,
				DC1B7D582B62EB9000CE3BF0 /* Release */,
			);
			defaultConfigurationIsVisible = 0;
			defaultConfigurationName = Release;
		};
		DC1B7D592B62EB9000CE3BF0 /* Build configuration list for PBXNativeTarget "SecretHeroDemo" */ = {
			isa = XCConfigurationList;
			buildConfigurations = (
				DC1B7D5A2B62EB9000CE3BF0 /* Debug */,
				DC1B7D5B2B62EB9000CE3BF0 /* Release */,
			);
			defaultConfigurationIsVisible = 0;
			defaultConfigurationName = Release;
		};
/* End XCConfigurationList section */
	};
	rootObject = DC1B7D3D2B62EB8F00CE3BF0 /* Project object */;
}
