PODS:
  - Flutter (1.0.0)
  - SecretHero (0.0.2-alpha)
  - secrethero_flutter (0.0.2):
    - Flutter
    - SecretHero (= 0.0.2-alpha)

DEPENDENCIES:
  - Flutter (from `Flutter`)
  - secrethero_flutter (from `.symlinks/plugins/secrethero_flutter/ios`)

SPEC REPOS:
  trunk:
    - SecretHero

EXTERNAL SOURCES:
  Flutter:
    :path: Flutter
  secrethero_flutter:
    :path: ".symlinks/plugins/secrethero_flutter/ios"

SPEC CHECKSUMS:
  Flutter: e0871f40cf51350855a761d2e70bf5af5b9b5de7
  SecretHero: d18af21560095f880dc74b1b251600f7f6eafb21
  secrethero_flutter: 082076f1ebd1fbab4429c49c7b5bb0fc6c07514d

PODFILE CHECKSUM: 819463e6a0290f5a72f145ba7cde16e8b6ef0796

COCOAPODS: 1.14.2
